
Microsoft Visual Studio Solution File, Format Version 12.00
# Visual Studio Version 16
VisualStudioVersion = 16.0.31410.357
MinimumVisualStudioVersion = 10.0.40219.1
Project("{FAE04EC0-301F-11D3-BF4B-00C04F79EFBC}") = "GISdotNet.Core", "GISdotNet.Core\GISdotNet.Core.csproj", "{9D03372F-9CC7-4F8B-9BEE-8811134A0ACB}"
EndProject
Project("{FAE04EC0-301F-11D3-BF4B-00C04F79EFBC}") = "GISdotNet.Map", "GISdotNet.Map\GISdotNet.Map.csproj", "{2FC9426D-A4DA-48AF-94FD-4CACB159607D}"
EndProject
Global
	GlobalSection(SolutionConfigurationPlatforms) = preSolution
		Debug|Any CPU = Debug|Any CPU
		Debug|x64 = Debug|x64
		Debug|x86 = Debug|x86
		Release|Any CPU = Release|Any CPU
		Release|x64 = Release|x64
		Release|x86 = Release|x86
	EndGlobalSection
	GlobalSection(ProjectConfigurationPlatforms) = postSolution
		{9D03372F-9CC7-4F8B-9BEE-8811134A0ACB}.Debug|Any CPU.ActiveCfg = Debug|Any CPU
		{9D03372F-9CC7-4F8B-9BEE-8811134A0ACB}.Debug|Any CPU.Build.0 = Debug|Any CPU
		{9D03372F-9CC7-4F8B-9BEE-8811134A0ACB}.Debug|x64.ActiveCfg = Debug|Any CPU
		{9D03372F-9CC7-4F8B-9BEE-8811134A0ACB}.Debug|x64.Build.0 = Debug|Any CPU
		{9D03372F-9CC7-4F8B-9BEE-8811134A0ACB}.Debug|x86.ActiveCfg = Debug|Any CPU
		{9D03372F-9CC7-4F8B-9BEE-8811134A0ACB}.Debug|x86.Build.0 = Debug|Any CPU
		{9D03372F-9CC7-4F8B-9BEE-8811134A0ACB}.Release|Any CPU.ActiveCfg = Release|Any CPU
		{9D03372F-9CC7-4F8B-9BEE-8811134A0ACB}.Release|Any CPU.Build.0 = Release|Any CPU
		{9D03372F-9CC7-4F8B-9BEE-8811134A0ACB}.Release|x64.ActiveCfg = Release|Any CPU
		{9D03372F-9CC7-4F8B-9BEE-8811134A0ACB}.Release|x64.Build.0 = Release|Any CPU
		{9D03372F-9CC7-4F8B-9BEE-8811134A0ACB}.Release|x86.ActiveCfg = Release|Any CPU
		{9D03372F-9CC7-4F8B-9BEE-8811134A0ACB}.Release|x86.Build.0 = Release|Any CPU
		{2FC9426D-A4DA-48AF-94FD-4CACB159607D}.Debug|Any CPU.ActiveCfg = Debug|Any CPU
		{2FC9426D-A4DA-48AF-94FD-4CACB159607D}.Debug|Any CPU.Build.0 = Debug|Any CPU
		{2FC9426D-A4DA-48AF-94FD-4CACB159607D}.Debug|x64.ActiveCfg = Debug|x64
		{2FC9426D-A4DA-48AF-94FD-4CACB159607D}.Debug|x64.Build.0 = Debug|x64
		{2FC9426D-A4DA-48AF-94FD-4CACB159607D}.Debug|x86.ActiveCfg = Debug|x86
		{2FC9426D-A4DA-48AF-94FD-4CACB159607D}.Debug|x86.Build.0 = Debug|x86
		{2FC9426D-A4DA-48AF-94FD-4CACB159607D}.Release|Any CPU.ActiveCfg = Release|Any CPU
		{2FC9426D-A4DA-48AF-94FD-4CACB159607D}.Release|Any CPU.Build.0 = Release|Any CPU
		{2FC9426D-A4DA-48AF-94FD-4CACB159607D}.Release|x64.ActiveCfg = Release|x64
		{2FC9426D-A4DA-48AF-94FD-4CACB159607D}.Release|x64.Build.0 = Release|x64
		{2FC9426D-A4DA-48AF-94FD-4CACB159607D}.Release|x86.ActiveCfg = Release|x86
		{2FC9426D-A4DA-48AF-94FD-4CACB159607D}.Release|x86.Build.0 = Release|x86
	EndGlobalSection
	GlobalSection(SolutionProperties) = preSolution
		HideSolutionNode = FALSE
	EndGlobalSection
	GlobalSection(ExtensibilityGlobals) = postSolution
		SolutionGuid = {7BCF7327-7670-4A61-BE68-853BB42FAE6D}
	EndGlobalSection
EndGlobal
